
Microsoft Visual Studio Solution File, Format Version 12.00
# Visual Studio Version 16
VisualStudioVersion = 16.0.30225.117
MinimumVisualStudioVersion = 10.0.40219.1
Project("{FAE04EC0-301F-11D3-BF4B-00C04F79EFBC}") = "StudentskaSluzbaWPFUI", "StudentskaSluzbaWPFUI\StudentskaSluzbaWPFUI.csproj", "{DAD9FE47-FB90-43B0-941B-0BA5CA2F827E}"
EndProject
Project("{FAE04EC0-301F-11D3-BF4B-00C04F79EFBC}") = "StudentskaSluzbaWPFLibrary", "StudentskaSluzbaWPFLibrary\StudentskaSluzbaWPFLibrary.csproj", "{2DB89E75-7F0D-498F-AD47-B1E265408F04}"
EndProject
Global
	GlobalSection(SolutionConfigurationPlatforms) = preSolution
		Debug|Any CPU = Debug|Any CPU
		Release|Any CPU = Release|Any CPU
	EndGlobalSection
	GlobalSection(ProjectConfigurationPlatforms) = postSolution
		{DAD9FE47-FB90-43B0-941B-0BA5CA2F827E}.Debug|Any CPU.ActiveCfg = Debug|Any CPU
		{DAD9FE47-FB90-43B0-941B-0BA5CA2F827E}.Debug|Any CPU.Build.0 = Debug|Any CPU
		{DAD9FE47-FB90-43B0-941B-0BA5CA2F827E}.Release|Any CPU.ActiveCfg = Release|Any CPU
		{DAD9FE47-FB90-43B0-941B-0BA5CA2F827E}.Release|Any CPU.Build.0 = Release|Any CPU
		{2DB89E75-7F0D-498F-AD47-B1E265408F04}.Debug|Any CPU.ActiveCfg = Debug|Any CPU
		{2DB89E75-7F0D-498F-AD47-B1E265408F04}.Debug|Any CPU.Build.0 = Debug|Any CPU
		{2DB89E75-7F0D-498F-AD47-B1E265408F04}.Release|Any CPU.ActiveCfg = Release|Any CPU
		{2DB89E75-7F0D-498F-AD47-B1E265408F04}.Release|Any CPU.Build.0 = Release|Any CPU
	EndGlobalSection
	GlobalSection(SolutionProperties) = preSolution
		HideSolutionNode = FALSE
	EndGlobalSection
	GlobalSection(ExtensibilityGlobals) = postSolution
		SolutionGuid = {B9EE9A86-7281-4E21-9E50-912CA768FAE4}
	EndGlobalSection
EndGlobal
